# THIS IS AN AUTOGENERATED FILE. DO NOT EDIT THIS FILE DIRECTLY.
# yarn lockfile v1


accept@3.x.x:
  version "3.1.2"
  resolved "https://registry.yarnpkg.com/accept/-/accept-3.1.2.tgz#eddbef732a17de5f99733562d0dbbe13c2ec09d0"
  dependencies:
    boom "7.x.x"
    hoek "6.x.x"

ammo@3.x.x:
  version "3.0.2"
  resolved "https://registry.yarnpkg.com/ammo/-/ammo-3.0.2.tgz#e4aa1b246f532ac1e55cb22ce4c02d1134fb71a8"
  dependencies:
    hoek "6.x.x"

b64@4.x.x:
  version "4.1.1"
  resolved "https://registry.yarnpkg.com/b64/-/b64-4.1.1.tgz#880aa9de694f1a3429d5285c6937cb0f513740bf"
  dependencies:
    hoek "6.x.x"

big-time@2.x.x:
  version "2.0.1"
  resolved "https://registry.yarnpkg.com/big-time/-/big-time-2.0.1.tgz#68c7df8dc30f97e953f25a67a76ac9713c16c9de"

boom@7.x.x:
  version "7.2.1"
  resolved "https://registry.yarnpkg.com/boom/-/boom-7.2.1.tgz#0198c9da13601907c1a5efc080717921f28cd1e0"
  dependencies:
    hoek "6.x.x"

bounce@1.x.x:
  version "1.2.1"
  resolved "https://registry.yarnpkg.com/bounce/-/bounce-1.2.1.tgz#0dfae78dffb68e36c89f8ebddc6a9c355daca306"
  dependencies:
    boom "7.x.x"
    hoek "6.x.x"

call@5.x.x:
  version "5.0.2"
  resolved "https://registry.yarnpkg.com/call/-/call-5.0.2.tgz#c1f5567589b32d4f0d6a03d2bc1ebb8b92cda26a"
  dependencies:
    boom "7.x.x"
    hoek "6.x.x"

catbox-memory@3.x.x:
  version "3.1.3"
  resolved "https://registry.yarnpkg.com/catbox-memory/-/catbox-memory-3.1.3.tgz#f707fcaab54f705df114b17c7c02134ffa88bb5b"
  dependencies:
    big-time "2.x.x"
    boom "7.x.x"
    hoek "6.x.x"

catbox@10.x.x:
  version "10.0.4"
  resolved "https://registry.yarnpkg.com/catbox/-/catbox-10.0.4.tgz#828bf945b0caf4491cf297f48b94bc4d59c13fd1"
  dependencies:
    boom "7.x.x"
    hoek "6.x.x"
    joi "14.x.x"

content@4.x.x:
  version "4.0.5"
  resolved "https://registry.yarnpkg.com/content/-/content-4.0.5.tgz#bc547deabc889ab69bce17faf3585c29f4c41bf2"
  dependencies:
    boom "7.x.x"

cryptiles@4.x.x:
  version "4.1.2"
  resolved "https://registry.yarnpkg.com/cryptiles/-/cryptiles-4.1.2.tgz#363c9ab5c859da9d2d6fb901b64d980966181184"
  dependencies:
    boom "7.x.x"

hapi@^17.6.2:
  version "17.6.2"
  resolved "https://registry.yarnpkg.com/hapi/-/hapi-17.6.2.tgz#67797e66ab7d2d58c43bdae7f1237f13f48481a9"
  dependencies:
    accept "3.x.x"
    ammo "3.x.x"
    boom "7.x.x"
    bounce "1.x.x"
    call "5.x.x"
    catbox "10.x.x"
    catbox-memory "3.x.x"
    heavy "6.x.x"
    hoek "6.x.x"
    joi "14.x.x"
    mimos "4.x.x"
    podium "3.x.x"
    shot "4.x.x"
    statehood "6.x.x"
    subtext "6.x.x"
    teamwork "3.x.x"
    topo "3.x.x"

heavy@6.x.x:
  version "6.1.1"
  resolved "https://registry.yarnpkg.com/heavy/-/heavy-6.1.1.tgz#a6da7b29e2084562de6ef70e038baee8c1ca3a9f"
  dependencies:
    boom "7.x.x"
    hoek "6.x.x"
    joi "14.x.x"

hoek@6.x.x:
  version "6.0.0"
  resolved "https://registry.yarnpkg.com/hoek/-/hoek-6.0.0.tgz#747680290249203ad096ff33d1699adf5e8e73bd"

iron@5.x.x:
  version "5.0.5"
  resolved "https://registry.yarnpkg.com/iron/-/iron-5.0.5.tgz#318bebf2b1c59898fff0a0e81f45e8a96da3e04b"
  dependencies:
    b64 "4.x.x"
    boom "7.x.x"
    cryptiles "4.x.x"
    hoek "6.x.x"

isemail@3.x.x:
  version "3.2.0"
  resolved "https://registry.yarnpkg.com/isemail/-/isemail-3.2.0.tgz#59310a021931a9fb06bbb51e155ce0b3f236832c"
  dependencies:
    punycode "2.x.x"

joi@14.x.x:
  version "14.0.3"
  resolved "https://registry.yarnpkg.com/joi/-/joi-14.0.3.tgz#5ab9091ec972837b348c05177c860e004f08991f"
  dependencies:
    hoek "6.x.x"
    isemail "3.x.x"
    topo "3.x.x"

mime-db@1.x.x:
  version "1.37.0"
  resolved "https://registry.yarnpkg.com/mime-db/-/mime-db-1.37.0.tgz#0b6a0ce6fdbe9576e25f1f2d2fde8830dc0ad0d8"

mimos@4.x.x:
  version "4.0.1"
  resolved "https://registry.yarnpkg.com/mimos/-/mimos-4.0.1.tgz#9dfd380acdb6864946a1c90433387e438969fc49"
  dependencies:
    hoek "6.x.x"
    mime-db "1.x.x"

nigel@3.x.x:
  version "3.0.3"
  resolved "https://registry.yarnpkg.com/nigel/-/nigel-3.0.3.tgz#c40fab54fcd6a3ecc82bc501dc6f308416e604fc"
  dependencies:
    hoek "6.x.x"
    vise "3.x.x"

pez@4.x.x:
  version "4.0.4"
  resolved "https://registry.yarnpkg.com/pez/-/pez-4.0.4.tgz#803735bfd4b050cc9b3b66a8bc7046b58ce30ae7"
  dependencies:
    b64 "4.x.x"
    boom "7.x.x"
    content "4.x.x"
    hoek "6.x.x"
    nigel "3.x.x"

podium@3.x.x:
  version "3.1.4"
  resolved "https://registry.yarnpkg.com/podium/-/podium-3.1.4.tgz#99593f4ecfaec2ff656df6884aec653cf51712fb"
  dependencies:
    hoek "6.x.x"
    joi "14.x.x"

punycode@2.x.x:
  version "2.1.1"
  resolved "https://registry.yarnpkg.com/punycode/-/punycode-2.1.1.tgz#b58b010ac40c22c5657616c8d2c2c02c7bf479ec"

shot@4.x.x:
  version "4.0.6"
  resolved "https://registry.yarnpkg.com/shot/-/shot-4.0.6.tgz#de7afc4fb856d82bb209939d6470a61533e3855e"
  dependencies:
    hoek "6.x.x"
    joi "14.x.x"

statehood@6.x.x:
  version "6.0.7"
  resolved "https://registry.yarnpkg.com/statehood/-/statehood-6.0.7.tgz#ea4b304fc633e45527c7424715e6847ae9d8a9a2"
  dependencies:
    boom "7.x.x"
    bounce "1.x.x"
    cryptiles "4.x.x"
    hoek "6.x.x"
    iron "5.x.x"
    joi "14.x.x"

subtext@6.x.x:
  version "6.0.9"
  resolved "https://registry.yarnpkg.com/subtext/-/subtext-6.0.9.tgz#4cf119af400648c8a61b382ae4a8660f9caaedaa"
  dependencies:
    boom "7.x.x"
    content "4.x.x"
    hoek "6.x.x"
    pez "4.x.x"
    wreck "14.x.x"

teamwork@3.x.x:
  version "3.0.1"
  resolved "https://registry.yarnpkg.com/teamwork/-/teamwork-3.0.1.tgz#ff38c7161f41f8070b7813716eb6154036ece196"

topo@3.x.x:
  version "3.0.2"
  resolved "https://registry.yarnpkg.com/topo/-/topo-3.0.2.tgz#1d226191f73b2852c39822786e390407b44da6f6"
  dependencies:
    hoek "6.x.x"

vise@3.x.x:
  version "3.0.1"
  resolved "https://registry.yarnpkg.com/vise/-/vise-3.0.1.tgz#efa94320972cda7597202ef9a4a63b4ba6ea7347"
  dependencies:
    hoek "6.x.x"

wreck@14.x.x:
  version "14.1.2"
  resolved "https://registry.yarnpkg.com/wreck/-/wreck-14.1.2.tgz#39c3982f8781640d4d036644c5ff43addd06e060"
  dependencies:
    boom "7.x.x"
    hoek "6.x.x"
